// !$*UTF8*$!
{
	archiveVersion = 1;
	classes = {
	};
	objectVersion = 55;
	objects = {

/* Begin PBXBuildFile section */
		5D72CC4227FCD26500EC9D0F /* InstahlamApp.swift in Sources */ = {isa = PBXBuildFile; fileRef = 5D72CC4127FCD26500EC9D0F /* InstahlamApp.swift */; };
		5D72CC4427FCD26500EC9D0F /* ContentView.swift in Sources */ = {isa = PBXBuildFile; fileRef = 5D72CC4327FCD26500EC9D0F /* ContentView.swift */; };
		5D72CC4627FCD26700EC9D0F /* Assets.xcassets in Resources */ = {isa = PBXBuildFile; fileRef = 5D72CC4527FCD26700EC9D0F /* Assets.xcassets */; };
		5D72CC4927FCD26700EC9D0F /* Preview Assets.xcassets in Resources */ = {isa = PBXBuildFile; fileRef = 5D72CC4827FCD26700EC9D0F /* Preview Assets.xcassets */; };
		5D72CC5027FCDD6C00EC9D0F /* PhotoPicker.swift in Sources */ = {isa = PBXBuildFile; fileRef = 5D72CC4F27FCDD6C00EC9D0F /* PhotoPicker.swift */; };
/* End PBXBuildFile section */

/* Begin PBXFileReference section */
		5D72CC3E27FCD26500EC9D0F /* Instahlam.app */ = {isa = PBXFileReference; explicitFileType = wrapper.application; includeInIndex = 0; path = Instahlam.app; sourceTree = BUILT_PRODUCTS_DIR; };
		5D72CC4127FCD26500EC9D0F /* InstahlamApp.swift */ = {isa = PBXFileReference; lastKnownFileType = sourcecode.swift; path = InstahlamApp.swift; sourceTree = "<group>"; };
		5D72CC4327FCD26500EC9D0F /* ContentView.swift */ = {isa = PBXFileReference; lastKnownFileType = sourcecode.swift; path = ContentView.swift; sourceTree = "<group>"; };
		5D72CC4527FCD26700EC9D0F /* Assets.xcassets */ = {isa = PBXFileReference; lastKnownFileType = folder.assetcatalog; path = Assets.xcassets; sourceTree = "<group>"; };
		5D72CC4827FCD26700EC9D0F /* Preview Assets.xcassets */ = {isa = PBXFileReference; lastKnownFileType = folder.assetcatalog; path = "Preview Assets.xcassets"; sourceTree = "<group>"; };
		5D72CC4F27FCDD6C00EC9D0F /* PhotoPicker.swift */ = {isa = PBXFileReference; lastKnownFileType = sourcecode.swift; path = PhotoPicker.swift; sourceTree = "<group>"; };
		5D72CC5127FCF2EF00EC9D0F /* Info.plist */ = {isa = PBXFileReference; lastKnownFileType = text.plist; path = Info.plist; sourceTree = "<group>"; };
/* End PBXFileReference section */

/* Begin PBXFrameworksBuildPhase section */
		5D72CC3B27FCD26500EC9D0F /* Frameworks */ = {
			isa = PBXFrameworksBuildPhase;
			buildActionMask = 2147483647;
			files = (
			);
			runOnlyForDeploymentPostprocessing = 0;
		};
/* End PBXFrameworksBuildPhase section */

/* Begin PBXGroup section */
		5D72CC3527FCD26500EC9D0F = {
			isa = PBXGroup;
			children = (
				5D72CC4027FCD26500EC9D0F /* Instahlam */,
				5D72CC3F27FCD26500EC9D0F /* Products */,
			);
			sourceTree = "<group>";
		};
		5D72CC3F27FCD26500EC9D0F /* Products */ = {
			isa = PBXGroup;
			children = (
				5D72CC3E27FCD26500EC9D0F /* Instahlam.app */,
			);
			name = Products;
			sourceTree = "<group>";
		};
		5D72CC4027FCD26500EC9D0F /* Instahlam */ = {
			isa = PBXGroup;
			children = (
				5D72CC5127FCF2EF00EC9D0F /* Info.plist */,
				5D72CC4127FCD26500EC9D0F /* InstahlamApp.swift */,
				5D72CC4327FCD26500EC9D0F /* ContentView.swift */,
				5D72CC4F27FCDD6C00EC9D0F /* PhotoPicker.swift */,
				5D72CC4527FCD26700EC9D0F /* Assets.xcassets */,
				5D72CC4727FCD26700EC9D0F /* Preview Content */,
			);
			path = Instahlam;
			sourceTree = "<group>";
		};
		5D72CC4727FCD26700EC9D0F /* Preview Content */ = {
			isa = PBXGroup;
			children = (
				5D72CC4827FCD26700EC9D0F /* Preview Assets.xcassets */,
			);
			path = "Preview Content";
			sourceTree = "<group>";
		};
/* End PBXGroup section */

/* Begin PBXNativeTarget section */
		5D72CC3D27FCD26500EC9D0F /* Instahlam */ = {
			isa = PBXNativeTarget;
			buildConfigurationList = 5D72CC4C27FCD26700EC9D0F /* Build configuration list for PBXNativeTarget "Instahlam" */;
			buildPhases = (
				5D72CC3A27FCD26500EC9D0F /* Sources */,
				5D72CC3B27FCD26500EC9D0F /* Frameworks */,
				5D72CC3C27FCD26500EC9D0F /* Resources */,
			);
			buildRules = (
			);
			dependencies = (
			);
			name = Instahlam;
			productName = Instahlam;
			productReference = 5D72CC3E27FCD26500EC9D0F /* Instahlam.app */;
			productType = "com.apple.product-type.application";
		};
/* End PBXNativeTarget section */

/* Begin PBXProject section */
		5D72CC3627FCD26500EC9D0F /* Project object */ = {
			isa = PBXProject;
			attributes = {
				BuildIndependentTargetsInParallel = 1;
				LastSwiftUpdateCheck = 1320;
				LastUpgradeCheck = 1320;
				TargetAttributes = {
					5D72CC3D27FCD26500EC9D0F = {
						CreatedOnToolsVersion = 13.2.1;
					};
				};
			};
			buildConfigurationList = 5D72CC3927FCD26500EC9D0F /* Build configuration list for PBXProject "Instahlam" */;
			compatibilityVersion = "Xcode 13.0";
			developmentRegion = en;
			hasScannedForEncodings = 0;
			knownRegions = (
				en,
				Base,
			);
			mainGroup = 5D72CC3527FCD26500EC9D0F;
			productRefGroup = 5D72CC3F27FCD26500EC9D0F /* Products */;
			projectDirPath = "";
			projectRoot = "";
			targets = (
				5D72CC3D27FCD26500EC9D0F /* Instahlam */,
			);
		};
/* End PBXProject section */

/* Begin PBXResourcesBuildPhase section */
		5D72CC3C27FCD26500EC9D0F /* Resources */ = {
			isa = PBXResourcesBuildPhase;
			buildActionMask = 2147483647;
			files = (
				5D72CC4927FCD26700EC9D0F /* Preview Assets.xcassets in Resources */,
				5D72CC4627FCD26700EC9D0F /* Assets.xcassets in Resources */,
			);
			runOnlyForDeploymentPostprocessing = 0;
		};
/* End PBXResourcesBuildPhase section */

/* Begin PBXSourcesBuildPhase section */
		5D72CC3A27FCD26500EC9D0F /* Sources */ = {
			isa = PBXSourcesBuildPhase;
			buildActionMask = 2147483647;
			files = (
				5D72CC4427FCD26500EC9D0F /* ContentView.swift in Sources */,
				5D72CC4227FCD26500EC9D0F /* InstahlamApp.swift in Sources */,
				5D72CC5027FCDD6C00EC9D0F /* PhotoPicker.swift in Sources */,
			);
			runOnlyForDeploymentPostprocessing = 0;
		};
/* End PBXSourcesBuildPhase section */

/* Begin XCBuildConfiguration section */
		5D72CC4A27FCD26700EC9D0F /* Debug */ = {
			isa = XCBuildConfiguration;
			buildSettings = {
				ALWAYS_SEARCH_USER_PATHS = NO;
				CLANG_ANALYZER_NONNULL = YES;
				CLANG_ANALYZER_NUMBER_OBJECT_CONVERSION = YES_AGGRESSIVE;
				CLANG_CXX_LANGUAGE_STANDARD = "gnu++17";
				CLANG_CXX_LIBRARY = "libc++";
				CLANG_ENABLE_MODULES = YES;
				CLANG_ENABLE_OBJC_ARC = YES;
				CLANG_ENABLE_OBJC_WEAK = YES;
				CLANG_WARN_BLOCK_CAPTURE_AUTORELEASING = YES;
				CLANG_WARN_BOOL_CONVERSION = YES;
				CLANG_WARN_COMMA = YES;
				CLANG_WARN_CONSTANT_CONVERSION = YES;
				CLANG_WARN_DEPRECATED_OBJC_IMPLEMENTATIONS = YES;
				CLANG_WARN_DIRECT_OBJC_ISA_USAGE = YES_ERROR;
				CLANG_WARN_DOCUMENTATION_COMMENTS = YES;
				CLANG_WARN_EMPTY_BODY = YES;
				CLANG_WARN_ENUM_CONVERSION = YES;
				CLANG_WARN_INFINITE_RECURSION = YES;
				CLANG_WARN_INT_CONVERSION = YES;
				CLANG_WARN_NON_LITERAL_NULL_CONVERSION = YES;
				CLANG_WARN_OBJC_IMPLICIT_RETAIN_SELF = YES;
				CLANG_WARN_OBJC_LITERAL_CONVERSION = YES;
				CLANG_WARN_OBJC_ROOT_CLASS = YES_ERROR;
				CLANG_WARN_QUOTED_INCLUDE_IN_FRAMEWORK_HEADER = YES;
				CLANG_WARN_RANGE_LOOP_ANALYSIS = YES;
				CLANG_WARN_STRICT_PROTOTYPES = YES;
				CLANG_WARN_SUSPICIOUS_MOVE = YES;
				CLANG_WARN_UNGUARDED_AVAILABILITY = YES_AGGRESSIVE;
				CLANG_WARN_UNREACHABLE_CODE = YES;
				CLANG_WARN__DUPLICATE_METHOD_MATCH = YES;
				COPY_PHASE_STRIP = NO;
				DEBUG_INFORMATION_FORMAT = dwarf;
				ENABLE_STRICT_OBJC_MSGSEND = YES;
				ENABLE_TESTABILITY = YES;
				GCC_C_LANGUAGE_STANDARD = gnu11;
				GCC_DYNAMIC_NO_PIC = NO;
				GCC_NO_COMMON_BLOCKS = YES;
				GCC_OPTIMIZATION_LEVEL = 0;
				GCC_PREPROCESSOR_DEFINITIONS = (
					"DEBUG=1",
					"$(inherited)",
				);
				GCC_WARN_64_TO_32_BIT_CONVERSION = YES;
				GCC_WARN_ABOUT_RETURN_TYPE = YES_ERROR;
				GCC_WARN_UNDECLARED_SELECTOR = YES;
				GCC_WARN_UNINITIALIZED_AUTOS = YES_AGGRESSIVE;
				GCC_WARN_UNUSED_FUNCTION = YES;
				GCC_WARN_UNUSED_VARIABLE = YES;
				IPHONEOS_DEPLOYMENT_TARGET = 15.2;
				MTL_ENABLE_DEBUG_INFO = INCLUDE_SOURCE;
				MTL_FAST_MATH = YES;
				ONLY_ACTIVE_ARCH = YES;
				SDKROOT = iphoneos;
				SWIFT_ACTIVE_COMPILATION_CONDITIONS = DEBUG;
				SWIFT_OPTIMIZATION_LEVEL = "-Onone";
			};
			name = Debug;
		};
		5D72CC4B27FCD26700EC9D0F /* Release */ = {
			isa = XCBuildConfiguration;
			buildSettings = {
				ALWAYS_SEARCH_USER_PATHS = NO;
				CLANG_ANALYZER_NONNULL = YES;
				CLANG_ANALYZER_NUMBER_OBJECT_CONVERSION = YES_AGGRESSIVE;
				CLANG_CXX_LANGUAGE_STANDARD = "gnu++17";
				CLANG_CXX_LIBRARY = "libc++";
				CLANG_ENABLE_MODULES = YES;
				CLANG_ENABLE_OBJC_ARC = YES;
				CLANG_ENABLE_OBJC_WEAK = YES;
				CLANG_WARN_BLOCK_CAPTURE_AUTORELEASING = YES;
				CLANG_WARN_BOOL_CONVERSION = YES;
				CLANG_WARN_COMMA = YES;
				CLANG_WARN_CONSTANT_CONVERSION = YES;
				CLANG_WARN_DEPRECATED_OBJC_IMPLEMENTATIONS = YES;
				CLANG_WARN_DIRECT_OBJC_ISA_USAGE = YES_ERROR;
				CLANG_WARN_DOCUMENTATION_COMMENTS = YES;
				CLANG_WARN_EMPTY_BODY = YES;
				CLANG_WARN_ENUM_CONVERSION = YES;
				CLANG_WARN_INFINITE_RECURSION = YES;
				CLANG_WARN_INT_CONVERSION = YES;
				CLANG_WARN_NON_LITERAL_NULL_CONVERSION = YES;
				CLANG_WARN_OBJC_IMPLICIT_RETAIN_SELF = YES;
				CLANG_WARN_OBJC_LITERAL_CONVERSION = YES;
				CLANG_WARN_OBJC_ROOT_CLASS = YES_ERROR;
				CLANG_WARN_QUOTED_INCLUDE_IN_FRAMEWORK_HEADER = YES;
				CLANG_WARN_RANGE_LOOP_ANALYSIS = YES;
				CLANG_WARN_STRICT_PROTOTYPES = YES;
				CLANG_WARN_SUSPICIOUS_MOVE = YES;
				CLANG_WARN_UNGUARDED_AVAILABILITY = YES_AGGRESSIVE;
				CLANG_WARN_UNREACHABLE_CODE = YES;
				CLANG_WARN__DUPLICATE_METHOD_MATCH = YES;
				COPY_PHASE_STRIP = NO;
				DEBUG_INFORMATION_FORMAT = "dwarf-with-dsym";
				ENABLE_NS_ASSERTIONS = NO;
				ENABLE_STRICT_OBJC_MSGSEND = YES;
				GCC_C_LANGUAGE_STANDARD = gnu11;
				GCC_NO_COMMON_BLOCKS = YES;
				GCC_WARN_64_TO_32_BIT_CONVERSION = YES;
				GCC_WARN_ABOUT_RETURN_TYPE = YES_ERROR;
				GCC_WARN_UNDECLARED_SELECTOR = YES;
				GCC_WARN_UNINITIALIZED_AUTOS = YES_AGGRESSIVE;
				GCC_WARN_UNUSED_FUNCTION = YES;
				GCC_WARN_UNUSED_VARIABLE = YES;
				IPHONEOS_DEPLOYMENT_TARGET = 15.2;
				MTL_ENABLE_DEBUG_INFO = NO;
				MTL_FAST_MATH = YES;
				SDKROOT = iphoneos;
				SWIFT_COMPILATION_MODE = wholemodule;
				SWIFT_OPTIMIZATION_LEVEL = "-O";
				VALIDATE_PRODUCT = YES;
			};
			name = Release;
		};
		5D72CC4D27FCD26700EC9D0F /* Debug */ = {
			isa = XCBuildConfiguration;
			buildSettings = {
				ASSETCATALOG_COMPILER_APPICON_NAME = AppIcon;
				ASSETCATALOG_COMPILER_GLOBAL_ACCENT_COLOR_NAME = AccentColor;
				CODE_SIGN_STYLE = Automatic;
				CURRENT_PROJECT_VERSION = 1;
				DEVELOPMENT_ASSET_PATHS = "\"Instahlam/Preview Content\"";
				DEVELOPMENT_TEAM = NRDP69AG6X;
				ENABLE_PREVIEWS = YES;
				GENERATE_INFOPLIST_FILE = YES;
				INFOPLIST_FILE = Instahlam/Info.plist;
				INFOPLIST_KEY_NSCameraUsageDescription = "$(PRODUCT_NAME) need access to camera";
				INFOPLIST_KEY_UIApplicationSceneManifest_Generation = YES;
				INFOPLIST_KEY_UIApplicationSupportsIndirectInputEvents = YES;
				INFOPLIST_KEY_UILaunchScreen_Generation = YES;
				INFOPLIST_KEY_UISupportedInterfaceOrientations_iPad = "UIInterfaceOrientationPortrait UIInterfaceOrientationPortraitUpsideDown UIInterfaceOrientationLandscapeLeft UIInterfaceOrientationLandscapeRight";
				INFOPLIST_KEY_UISupportedInterfaceOrientations_iPhone = "UIInterfaceOrientationPortrait UIInterfaceOrientationLandscapeLeft UIInterfaceOrientationLandscapeRight";
				IPHONEOS_DEPLOYMENT_TARGET = 15.0;
				LD_RUNPATH_SEARCH_PATHS = (
					"$(inherited)",
					"@executable_path/Frameworks",
				);
				MARKETING_VERSION = 1.0;
				PRODUCT_BUNDLE_IDENTIFIER = "dmitry-s.Instahlam";
				PRODUCT_NAME = "$(TARGET_NAME)";
				SWIFT_EMIT_LOC_STRINGS = YES;
				SWIFT_VERSION = 5.0;
				TARGETED_DEVICE_FAMILY = "1,2";
			};
			name = Debug;
		};
		5D72CC4E27FCD26700EC9D0F /* Release */ = {
			isa = XCBuildConfiguration;
			buildSettings = {
				ASSETCATALOG_COMPILER_APPICON_NAME = AppIcon;
				ASSETCATALOG_COMPILER_GLOBAL_ACCENT_COLOR_NAME = AccentColor;
				CODE_SIGN_STYLE = Automatic;
				CURRENT_PROJECT_VERSION = 1;
				DEVELOPMENT_ASSET_PATHS = "\"Instahlam/Preview Content\"";
				DEVELOPMENT_TEAM = NRDP69AG6X;
				ENABLE_PREVIEWS = YES;
				GENERATE_INFOPLIST_FILE = YES;
				INFOPLIST_FILE = Instahlam/Info.plist;
				INFOPLIST_KEY_NSCameraUsageDescription = "$(PRODUCT_NAME) need access to camera";
				INFOPLIST_KEY_UIApplicationSceneManifest_Generation = YES;
				INFOPLIST_KEY_UIApplicationSupportsIndirectInputEvents = YES;
				INFOPLIST_KEY_UILaunchScreen_Generation = YES;
				INFOPLIST_KEY_UISupportedInterfaceOrientations_iPad = "UIInterfaceOrientationPortrait UIInterfaceOrientationPortraitUpsideDown UIInterfaceOrientationLandscapeLeft UIInterfaceOrientationLandscapeRight";
				INFOPLIST_KEY_UISupportedInterfaceOrientations_iPhone = "UIInterfaceOrientationPortrait UIInterfaceOrientationLandscapeLeft UIInterfaceOrientationLandscapeRight";
				IPHONEOS_DEPLOYMENT_TARGET = 15.0;
				LD_RUNPATH_SEARCH_PATHS = (
					"$(inherited)",
					"@executable_path/Frameworks",
				);
				MARKETING_VERSION = 1.0;
				PRODUCT_BUNDLE_IDENTIFIER = "dmitry-s.Instahlam";
				PRODUCT_NAME = "$(TARGET_NAME)";
				SWIFT_EMIT_LOC_STRINGS = YES;
				SWIFT_VERSION = 5.0;
				TARGETED_DEVICE_FAMILY = "1,2";
			};
			name = Release;
		};
/* End XCBuildConfiguration section */

/* Begin XCConfigurationList section */
		5D72CC3927FCD26500EC9D0F /* Build configuration list for PBXProject "Instahlam" */ = {
			isa = XCConfigurationList;
			buildConfigurations = (
				5D72CC4A27FCD26700EC9D0F /* Debug */,
				5D72CC4B27FCD26700EC9D0F /* Release */,
			);
			defaultConfigurationIsVisible = 0;
			defaultConfigurationName = Release;
		};
		5D72CC4C27FCD26700EC9D0F /* Build configuration list for PBXNativeTarget "Instahlam" */ = {
			isa = XCConfigurationList;
			buildConfigurations = (
				5D72CC4D27FCD26700EC9D0F /* Debug */,
				5D72CC4E27FCD26700EC9D0F /* Release */,
			);
			defaultConfigurationIsVisible = 0;
			defaultConfigurationName = Release;
		};
/* End XCConfigurationList section */
	};
	rootObject = 5D72CC3627FCD26500EC9D0F /* Project object */;
}
